// !$*UTF8*$!
{
	archiveVersion = 1;
	classes = {
	};
	objectVersion = 56;
	objects = {

/* Begin PBXBuildFile section */
		8121AA5E2C5B10CE00B2ABFC /* DummyViewController.swift in Sources */ = {isa = PBXBuildFile; fileRef = 8121AA5D2C5B10CE00B2ABFC /* DummyViewController.swift */; };
		8121AA602C5B13A000B2ABFC /* DummyDetailView.swift in Sources */ = {isa = PBXBuildFile; fileRef = 8121AA5F2C5B13A000B2ABFC /* DummyDetailView.swift */; };
		818570042C5BB26A00BACFAA /* Enum+TopicSectionKind.swift in Sources */ = {isa = PBXBuildFile; fileRef = 818570032C5BB26A00BACFAA /* Enum+TopicSectionKind.swift */; };
		818570072C5BBEEA00BACFAA /* DGCharts in Frameworks */ = {isa = PBXBuildFile; productRef = 818570062C5BBEEA00BACFAA /* DGCharts */; };
		81A4AA682C4E20A2008E2F8C /* AppDelegate.swift in Sources */ = {isa = PBXBuildFile; fileRef = 81A4AA672C4E20A2008E2F8C /* AppDelegate.swift */; };
		81A4AA6A2C4E20A2008E2F8C /* SceneDelegate.swift in Sources */ = {isa = PBXBuildFile; fileRef = 81A4AA692C4E20A2008E2F8C /* SceneDelegate.swift */; };
		81A4AA712C4E20A3008E2F8C /* Assets.xcassets in Resources */ = {isa = PBXBuildFile; fileRef = 81A4AA702C4E20A3008E2F8C /* Assets.xcassets */; };
		81A4AA7C2C4E20BB008E2F8C /* .gitignore in Resources */ = {isa = PBXBuildFile; fileRef = 81A4AA7B2C4E20BB008E2F8C /* .gitignore */; };
		81A4AA7F2C4E20EE008E2F8C /* ENV.swift in Sources */ = {isa = PBXBuildFile; fileRef = 81A4AA7E2C4E20EE008E2F8C /* ENV.swift */; };
		81A4AA852C4E2ED1008E2F8C /* SnapKit in Frameworks */ = {isa = PBXBuildFile; productRef = 81A4AA842C4E2ED1008E2F8C /* SnapKit */; };
		81A4AA872C4E2F96008E2F8C /* LaunchScreen.storyboard in Resources */ = {isa = PBXBuildFile; fileRef = 81A4AA862C4E2F96008E2F8C /* LaunchScreen.storyboard */; };
		81A4AA8A2C4E368E008E2F8C /* Photo.swift in Sources */ = {isa = PBXBuildFile; fileRef = 81A4AA892C4E368E008E2F8C /* Photo.swift */; };
		81A4AA8D2C4E3F2A008E2F8C /* Network.swift in Sources */ = {isa = PBXBuildFile; fileRef = 81A4AA8C2C4E3F2A008E2F8C /* Network.swift */; };
		81A4AA902C4E3F5A008E2F8C /* ServiceProtocol.swift in Sources */ = {isa = PBXBuildFile; fileRef = 81A4AA8F2C4E3F5A008E2F8C /* ServiceProtocol.swift */; };
		81A4AA942C4E6C14008E2F8C /* CircleButton.swift in Sources */ = {isa = PBXBuildFile; fileRef = 81A4AA932C4E6C14008E2F8C /* CircleButton.swift */; };
		81A4AA992C4E836E008E2F8C /* ProfileSettingViewController.swift in Sources */ = {isa = PBXBuildFile; fileRef = 81A4AA982C4E836E008E2F8C /* ProfileSettingViewController.swift */; };
		81A4AA9B2C4E8394008E2F8C /* ProfileSettingViewModel.swift in Sources */ = {isa = PBXBuildFile; fileRef = 81A4AA9A2C4E8394008E2F8C /* ProfileSettingViewModel.swift */; };
		81A4AA9F2C4E83B8008E2F8C /* BaseViewController.swift in Sources */ = {isa = PBXBuildFile; fileRef = 81A4AA9E2C4E83B8008E2F8C /* BaseViewController.swift */; };
		81A4AAA12C4E8521008E2F8C /* ViewModelProtocol.swift in Sources */ = {isa = PBXBuildFile; fileRef = 81A4AAA02C4E8521008E2F8C /* ViewModelProtocol.swift */; };
		81A4AAA32C4E853F008E2F8C /* MainViewProtocol.swift in Sources */ = {isa = PBXBuildFile; fileRef = 81A4AAA22C4E853F008E2F8C /* MainViewProtocol.swift */; };
		81A4AAAB2C4E8BCF008E2F8C /* ProfileSettingView.swift in Sources */ = {isa = PBXBuildFile; fileRef = 81A4AAAA2C4E8BCF008E2F8C /* ProfileSettingView.swift */; };
		81A4AAAD2C4E8BE2008E2F8C /* BaseView.swift in Sources */ = {isa = PBXBuildFile; fileRef = 81A4AAAC2C4E8BE2008E2F8C /* BaseView.swift */; };
		81A4AAAF2C4E8D37008E2F8C /* ProfileImage.swift in Sources */ = {isa = PBXBuildFile; fileRef = 81A4AAAE2C4E8D37008E2F8C /* ProfileImage.swift */; };
		81A4AAB22C4E8E7D008E2F8C /* Extension+UIColor.swift in Sources */ = {isa = PBXBuildFile; fileRef = 81A4AAB12C4E8E7D008E2F8C /* Extension+UIColor.swift */; };
		81A4AAB42C4E95D1008E2F8C /* ProfileImageChangeButton.swift in Sources */ = {isa = PBXBuildFile; fileRef = 81A4AAB32C4E95D1008E2F8C /* ProfileImageChangeButton.swift */; };
		81A4AAB62C4E9B15008E2F8C /* ProfileNicknameField.swift in Sources */ = {isa = PBXBuildFile; fileRef = 81A4AAB52C4E9B15008E2F8C /* ProfileNicknameField.swift */; };
		81A4AAB82C4E9DAE008E2F8C /* ProfileNicknameValidationLabel.swift in Sources */ = {isa = PBXBuildFile; fileRef = 81A4AAB72C4E9DAE008E2F8C /* ProfileNicknameValidationLabel.swift */; };
		81A4AABB2C4E9DD9008E2F8C /* Extension+UIFont.swift in Sources */ = {isa = PBXBuildFile; fileRef = 81A4AABA2C4E9DD9008E2F8C /* Extension+UIFont.swift */; };
		81A4AABD2C4E9E86008E2F8C /* Enum+Text.swift in Sources */ = {isa = PBXBuildFile; fileRef = 81A4AABC2C4E9E86008E2F8C /* Enum+Text.swift */; };
		81A4AABF2C4EA205008E2F8C /* BoxWithTitle.swift in Sources */ = {isa = PBXBuildFile; fileRef = 81A4AABE2C4EA205008E2F8C /* BoxWithTitle.swift */; };
		81A4AAC22C4F315E008E2F8C /* Route.swift in Sources */ = {isa = PBXBuildFile; fileRef = 81A4AAC12C4F315E008E2F8C /* Route.swift */; };
		81A4AACB2C4F6746008E2F8C /* ProfileImageSelectView.swift in Sources */ = {isa = PBXBuildFile; fileRef = 81A4AACA2C4F6746008E2F8C /* ProfileImageSelectView.swift */; };
		81A4AACD2C4F69B9008E2F8C /* ProfileImageItem.swift in Sources */ = {isa = PBXBuildFile; fileRef = 81A4AACC2C4F69B9008E2F8C /* ProfileImageItem.swift */; };
		81A4AACF2C4F6A36008E2F8C /* Enum+UIImage.swift in Sources */ = {isa = PBXBuildFile; fileRef = 81A4AACE2C4F6A36008E2F8C /* Enum+UIImage.swift */; };
		81A4AAD12C4F6DDE008E2F8C /* BaseCollectionItem.swift in Sources */ = {isa = PBXBuildFile; fileRef = 81A4AAD02C4F6DDE008E2F8C /* BaseCollectionItem.swift */; };
		81C1ED9B2C4FE0C000C8C658 /* Extension+UIView.swift in Sources */ = {isa = PBXBuildFile; fileRef = 81C1ED9A2C4FE0C000C8C658 /* Extension+UIView.swift */; };
		81C1EDA02C4FEBDF00C8C658 /* Observable.swift in Sources */ = {isa = PBXBuildFile; fileRef = 81C1ED9F2C4FEBDF00C8C658 /* Observable.swift */; };
		81C1EDA22C4FEDDC00C8C658 /* OnboardingViewController.swift in Sources */ = {isa = PBXBuildFile; fileRef = 81C1EDA12C4FEDDC00C8C658 /* OnboardingViewController.swift */; };
		81C1EDAD2C4FF3A000C8C658 /* OnboardingView.swift in Sources */ = {isa = PBXBuildFile; fileRef = 81C1EDAC2C4FF3A000C8C658 /* OnboardingView.swift */; };
		81C1EDAF2C4FF78400C8C658 /* OnboardingViewModel.swift in Sources */ = {isa = PBXBuildFile; fileRef = 81C1EDAE2C4FF78400C8C658 /* OnboardingViewModel.swift */; };
		81C1EDB22C4FFEC000C8C658 /* MbtiButton.swift in Sources */ = {isa = PBXBuildFile; fileRef = 81C1EDB12C4FFEC000C8C658 /* MbtiButton.swift */; };
		81C1EDB42C50786600C8C658 /* Validation.swift in Sources */ = {isa = PBXBuildFile; fileRef = 81C1EDB32C50786600C8C658 /* Validation.swift */; };
		81C1EDB62C5081F500C8C658 /* ProfileImageSettingViewController.swift in Sources */ = {isa = PBXBuildFile; fileRef = 81C1EDB52C5081F500C8C658 /* ProfileImageSettingViewController.swift */; };
		81C1EDB82C50825F00C8C658 /* ProfileImageSettingViewModel.swift in Sources */ = {isa = PBXBuildFile; fileRef = 81C1EDB72C50825F00C8C658 /* ProfileImageSettingViewModel.swift */; };
		81C1EDE12C50E2D100C8C658 /* UserDefaults.swift in Sources */ = {isa = PBXBuildFile; fileRef = 81C1EDE02C50E2D100C8C658 /* UserDefaults.swift */; };
		81C1EDE62C50E92400C8C658 /* TopicViewModel.swift in Sources */ = {isa = PBXBuildFile; fileRef = 81C1EDE52C50E92400C8C658 /* TopicViewModel.swift */; };
		81C1EDE82C50E92F00C8C658 /* TopicViewController.swift in Sources */ = {isa = PBXBuildFile; fileRef = 81C1EDE72C50E92F00C8C658 /* TopicViewController.swift */; };
		81C1EDEB2C50E98000C8C658 /* TopicView.swift in Sources */ = {isa = PBXBuildFile; fileRef = 81C1EDEA2C50E98000C8C658 /* TopicView.swift */; };
		81C1EE012C52044800C8C658 /* ImageCardItem.swift in Sources */ = {isa = PBXBuildFile; fileRef = 81C1EE002C52044800C8C658 /* ImageCardItem.swift */; };
		81C1EE042C5207D600C8C658 /* Kingfisher in Frameworks */ = {isa = PBXBuildFile; productRef = 81C1EE032C5207D600C8C658 /* Kingfisher */; };
		81C1EE0A2C524E3600C8C658 /* LikeCountView.swift in Sources */ = {isa = PBXBuildFile; fileRef = 81C1EE092C524E3600C8C658 /* LikeCountView.swift */; };
		81C1EE0C2C527FD500C8C658 /* ProfileUpdateOutput.swift in Sources */ = {isa = PBXBuildFile; fileRef = 81C1EE0B2C527FD500C8C658 /* ProfileUpdateOutput.swift */; };
		81C1EE0E2C52927700C8C658 /* TopicTableCell.swift in Sources */ = {isa = PBXBuildFile; fileRef = 81C1EE0D2C52927700C8C658 /* TopicTableCell.swift */; };
		81C1EE102C52928700C8C658 /* BaseTableCell.swift in Sources */ = {isa = PBXBuildFile; fileRef = 81C1EE0F2C52928700C8C658 /* BaseTableCell.swift */; };
		81C1EE162C52A79A00C8C658 /* SearchViewModel.swift in Sources */ = {isa = PBXBuildFile; fileRef = 81C1EE152C52A79A00C8C658 /* SearchViewModel.swift */; };
		81C1EE182C52A7D100C8C658 /* SearchView.swift in Sources */ = {isa = PBXBuildFile; fileRef = 81C1EE172C52A7D100C8C658 /* SearchView.swift */; };
		81C1EE1A2C52A7F100C8C658 /* SearchViewController.swift in Sources */ = {isa = PBXBuildFile; fileRef = 81C1EE192C52A7F100C8C658 /* SearchViewController.swift */; };
		81C1EE1C2C52AEE300C8C658 /* SearchFilterMenu.swift in Sources */ = {isa = PBXBuildFile; fileRef = 81C1EE1B2C52AEE300C8C658 /* SearchFilterMenu.swift */; };
		81C1EE1F2C52B11000C8C658 /* RealmSwift in Frameworks */ = {isa = PBXBuildFile; productRef = 81C1EE1E2C52B11000C8C658 /* RealmSwift */; };
		81C1EE222C52B2CC00C8C658 /* LikedPhoto.swift in Sources */ = {isa = PBXBuildFile; fileRef = 81C1EE212C52B2CC00C8C658 /* LikedPhoto.swift */; };
		81C1EE242C53275D00C8C658 /* FileManage.swift in Sources */ = {isa = PBXBuildFile; fileRef = 81C1EE232C53275D00C8C658 /* FileManage.swift */; };
		81C1EE2B2C5494A700C8C658 /* LikeListView.swift in Sources */ = {isa = PBXBuildFile; fileRef = 81C1EE2A2C5494A700C8C658 /* LikeListView.swift */; };
		81C1EE2F2C5494D600C8C658 /* LikeListViewController.swift in Sources */ = {isa = PBXBuildFile; fileRef = 81C1EE2E2C5494D600C8C658 /* LikeListViewController.swift */; };
		81C1EE312C54950500C8C658 /* LikeListViewModel.swift in Sources */ = {isa = PBXBuildFile; fileRef = 81C1EE302C54950500C8C658 /* LikeListViewModel.swift */; };
		81C1EE372C54A84800C8C658 /* DetailView.swift in Sources */ = {isa = PBXBuildFile; fileRef = 81C1EE362C54A84800C8C658 /* DetailView.swift */; };
		81C1EE3A2C54A87300C8C658 /* DetailViewController.swift in Sources */ = {isa = PBXBuildFile; fileRef = 81C1EE392C54A87300C8C658 /* DetailViewController.swift */; };
		81C1EE3C2C54A87C00C8C658 /* DetailViewModel.swift in Sources */ = {isa = PBXBuildFile; fileRef = 81C1EE3B2C54A87C00C8C658 /* DetailViewModel.swift */; };
		81C1EE3E2C54BFDC00C8C658 /* DetailOwnerView.swift in Sources */ = {isa = PBXBuildFile; fileRef = 81C1EE3D2C54BFDC00C8C658 /* DetailOwnerView.swift */; };
		81C1EE402C54CD1B00C8C658 /* DetailInfoItem.swift in Sources */ = {isa = PBXBuildFile; fileRef = 81C1EE3F2C54CD1B00C8C658 /* DetailInfoItem.swift */; };
		81C1EE4C2C554E4700C8C658 /* MainTabbarController.swift in Sources */ = {isa = PBXBuildFile; fileRef = 81C1EE4B2C554E4700C8C658 /* MainTabbarController.swift */; };
		81C1EE4E2C55D15000C8C658 /* Enum+Toast.swift in Sources */ = {isa = PBXBuildFile; fileRef = 81C1EE4D2C55D15000C8C658 /* Enum+Toast.swift */; };
		81C1EE5A2C56070100C8C658 /* RandomView.swift in Sources */ = {isa = PBXBuildFile; fileRef = 81C1EE592C56070100C8C658 /* RandomView.swift */; };
		81C1EE5E2C56077C00C8C658 /* RandomViewModel.swift in Sources */ = {isa = PBXBuildFile; fileRef = 81C1EE5D2C56077C00C8C658 /* RandomViewModel.swift */; };
		81C1EE612C56094B00C8C658 /* RandomViewItem.swift in Sources */ = {isa = PBXBuildFile; fileRef = 81C1EE602C56094B00C8C658 /* RandomViewItem.swift */; };
		81C1EE632C5609B700C8C658 /* RandomViewController.swift in Sources */ = {isa = PBXBuildFile; fileRef = 81C1EE622C5609B700C8C658 /* RandomViewController.swift */; };
		81C1EE642C56700A00C8C658 /* RealmSwift in Embed Frameworks */ = {isa = PBXBuildFile; productRef = 81C1EE1E2C52B11000C8C658 /* RealmSwift */; settings = {ATTRIBUTES = (CodeSignOnCopy, ); }; };
		81C1EE672C57146600C8C658 /* SearchColorFilterItem.swift in Sources */ = {isa = PBXBuildFile; fileRef = 81C1EE662C57146600C8C658 /* SearchColorFilterItem.swift */; };
/* End PBXBuildFile section */

/* Begin PBXCopyFilesBuildPhase section */
		81C1EE652C56700A00C8C658 /* Embed Frameworks */ = {
			isa = PBXCopyFilesBuildPhase;
			buildActionMask = 2147483647;
			dstPath = "";
			dstSubfolderSpec = 10;
			files = (
				81C1EE642C56700A00C8C658 /* RealmSwift in Embed Frameworks */,
			);
			name = "Embed Frameworks";
			runOnlyForDeploymentPostprocessing = 0;
		};
/* End PBXCopyFilesBuildPhase section */

/* Begin PBXFileReference section */
		8121AA5D2C5B10CE00B2ABFC /* DummyViewController.swift */ = {isa = PBXFileReference; lastKnownFileType = sourcecode.swift; path = DummyViewController.swift; sourceTree = "<group>"; };
		8121AA5F2C5B13A000B2ABFC /* DummyDetailView.swift */ = {isa = PBXFileReference; lastKnownFileType = sourcecode.swift; path = DummyDetailView.swift; sourceTree = "<group>"; };
		818570032C5BB26A00BACFAA /* Enum+TopicSectionKind.swift */ = {isa = PBXFileReference; lastKnownFileType = sourcecode.swift; path = "Enum+TopicSectionKind.swift"; sourceTree = "<group>"; };
		81A4AA642C4E20A2008E2F8C /* photobox.app */ = {isa = PBXFileReference; explicitFileType = wrapper.application; includeInIndex = 0; path = photobox.app; sourceTree = BUILT_PRODUCTS_DIR; };
		81A4AA672C4E20A2008E2F8C /* AppDelegate.swift */ = {isa = PBXFileReference; lastKnownFileType = sourcecode.swift; path = AppDelegate.swift; sourceTree = "<group>"; };
		81A4AA692C4E20A2008E2F8C /* SceneDelegate.swift */ = {isa = PBXFileReference; lastKnownFileType = sourcecode.swift; path = SceneDelegate.swift; sourceTree = "<group>"; };
		81A4AA702C4E20A3008E2F8C /* Assets.xcassets */ = {isa = PBXFileReference; lastKnownFileType = folder.assetcatalog; path = Assets.xcassets; sourceTree = "<group>"; };
		81A4AA752C4E20A3008E2F8C /* Info.plist */ = {isa = PBXFileReference; lastKnownFileType = text.plist.xml; path = Info.plist; sourceTree = "<group>"; };
		81A4AA7B2C4E20BB008E2F8C /* .gitignore */ = {isa = PBXFileReference; lastKnownFileType = text; path = .gitignore; sourceTree = "<group>"; };
		81A4AA7E2C4E20EE008E2F8C /* ENV.swift */ = {isa = PBXFileReference; lastKnownFileType = sourcecode.swift; path = ENV.swift; sourceTree = "<group>"; };
		81A4AA802C4E2313008E2F8C /* README.md */ = {isa = PBXFileReference; lastKnownFileType = net.daringfireball.markdown; path = README.md; sourceTree = "<group>"; };
		81A4AA862C4E2F96008E2F8C /* LaunchScreen.storyboard */ = {isa = PBXFileReference; lastKnownFileType = file.storyboard; path = LaunchScreen.storyboard; sourceTree = "<group>"; };
		81A4AA892C4E368E008E2F8C /* Photo.swift */ = {isa = PBXFileReference; lastKnownFileType = sourcecode.swift; path = Photo.swift; sourceTree = "<group>"; };
		81A4AA8C2C4E3F2A008E2F8C /* Network.swift */ = {isa = PBXFileReference; lastKnownFileType = sourcecode.swift; path = Network.swift; sourceTree = "<group>"; };
		81A4AA8F2C4E3F5A008E2F8C /* ServiceProtocol.swift */ = {isa = PBXFileReference; lastKnownFileType = sourcecode.swift; path = ServiceProtocol.swift; sourceTree = "<group>"; };
		81A4AA932C4E6C14008E2F8C /* CircleButton.swift */ = {isa = PBXFileReference; lastKnownFileType = sourcecode.swift; path = CircleButton.swift; sourceTree = "<group>"; };
		81A4AA982C4E836E008E2F8C /* ProfileSettingViewController.swift */ = {isa = PBXFileReference; lastKnownFileType = sourcecode.swift; path = ProfileSettingViewController.swift; sourceTree = "<group>"; };
		81A4AA9A2C4E8394008E2F8C /* ProfileSettingViewModel.swift */ = {isa = PBXFileReference; lastKnownFileType = sourcecode.swift; path = ProfileSettingViewModel.swift; sourceTree = "<group>"; };
		81A4AA9E2C4E83B8008E2F8C /* BaseViewController.swift */ = {isa = PBXFileReference; lastKnownFileType = sourcecode.swift; path = BaseViewController.swift; sourceTree = "<group>"; };
		81A4AAA02C4E8521008E2F8C /* ViewModelProtocol.swift */ = {isa = PBXFileReference; lastKnownFileType = sourcecode.swift; path = ViewModelProtocol.swift; sourceTree = "<group>"; };
		81A4AAA22C4E853F008E2F8C /* MainViewProtocol.swift */ = {isa = PBXFileReference; lastKnownFileType = sourcecode.swift; path = MainViewProtocol.swift; sourceTree = "<group>"; };
		81A4AAAA2C4E8BCF008E2F8C /* ProfileSettingView.swift */ = {isa = PBXFileReference; lastKnownFileType = sourcecode.swift; path = ProfileSettingView.swift; sourceTree = "<group>"; };
		81A4AAAC2C4E8BE2008E2F8C /* BaseView.swift */ = {isa = PBXFileReference; lastKnownFileType = sourcecode.swift; path = BaseView.swift; sourceTree = "<group>"; };
		81A4AAAE2C4E8D37008E2F8C /* ProfileImage.swift */ = {isa = PBXFileReference; lastKnownFileType = sourcecode.swift; path = ProfileImage.swift; sourceTree = "<group>"; };
		81A4AAB12C4E8E7D008E2F8C /* Extension+UIColor.swift */ = {isa = PBXFileReference; lastKnownFileType = sourcecode.swift; path = "Extension+UIColor.swift"; sourceTree = "<group>"; };
		81A4AAB32C4E95D1008E2F8C /* ProfileImageChangeButton.swift */ = {isa = PBXFileReference; lastKnownFileType = sourcecode.swift; path = ProfileImageChangeButton.swift; sourceTree = "<group>"; };
		81A4AAB52C4E9B15008E2F8C /* ProfileNicknameField.swift */ = {isa = PBXFileReference; lastKnownFileType = sourcecode.swift; path = ProfileNicknameField.swift; sourceTree = "<group>"; };
		81A4AAB72C4E9DAE008E2F8C /* ProfileNicknameValidationLabel.swift */ = {isa = PBXFileReference; lastKnownFileType = sourcecode.swift; path = ProfileNicknameValidationLabel.swift; sourceTree = "<group>"; };
		81A4AABA2C4E9DD9008E2F8C /* Extension+UIFont.swift */ = {isa = PBXFileReference; lastKnownFileType = sourcecode.swift; path = "Extension+UIFont.swift"; sourceTree = "<group>"; };
		81A4AABC2C4E9E86008E2F8C /* Enum+Text.swift */ = {isa = PBXFileReference; lastKnownFileType = sourcecode.swift; path = "Enum+Text.swift"; sourceTree = "<group>"; };
		81A4AABE2C4EA205008E2F8C /* BoxWithTitle.swift */ = {isa = PBXFileReference; lastKnownFileType = sourcecode.swift; path = BoxWithTitle.swift; sourceTree = "<group>"; };
		81A4AAC12C4F315E008E2F8C /* Route.swift */ = {isa = PBXFileReference; lastKnownFileType = sourcecode.swift; path = Route.swift; sourceTree = "<group>"; };
		81A4AACA2C4F6746008E2F8C /* ProfileImageSelectView.swift */ = {isa = PBXFileReference; lastKnownFileType = sourcecode.swift; path = ProfileImageSelectView.swift; sourceTree = "<group>"; };
		81A4AACC2C4F69B9008E2F8C /* ProfileImageItem.swift */ = {isa = PBXFileReference; lastKnownFileType = sourcecode.swift; path = ProfileImageItem.swift; sourceTree = "<group>"; };
		81A4AACE2C4F6A36008E2F8C /* Enum+UIImage.swift */ = {isa = PBXFileReference; lastKnownFileType = sourcecode.swift; path = "Enum+UIImage.swift"; sourceTree = "<group>"; };
		81A4AAD02C4F6DDE008E2F8C /* BaseCollectionItem.swift */ = {isa = PBXFileReference; lastKnownFileType = sourcecode.swift; path = BaseCollectionItem.swift; sourceTree = "<group>"; };
		81C1ED9A2C4FE0C000C8C658 /* Extension+UIView.swift */ = {isa = PBXFileReference; lastKnownFileType = sourcecode.swift; path = "Extension+UIView.swift"; sourceTree = "<group>"; };
		81C1ED9F2C4FEBDF00C8C658 /* Observable.swift */ = {isa = PBXFileReference; lastKnownFileType = sourcecode.swift; path = Observable.swift; sourceTree = "<group>"; };
		81C1EDA12C4FEDDC00C8C658 /* OnboardingViewController.swift */ = {isa = PBXFileReference; lastKnownFileType = sourcecode.swift; path = OnboardingViewController.swift; sourceTree = "<group>"; };
		81C1EDAC2C4FF3A000C8C658 /* OnboardingView.swift */ = {isa = PBXFileReference; lastKnownFileType = sourcecode.swift; path = OnboardingView.swift; sourceTree = "<group>"; };
		81C1EDAE2C4FF78400C8C658 /* OnboardingViewModel.swift */ = {isa = PBXFileReference; lastKnownFileType = sourcecode.swift; path = OnboardingViewModel.swift; sourceTree = "<group>"; };
		81C1EDB12C4FFEC000C8C658 /* MbtiButton.swift */ = {isa = PBXFileReference; lastKnownFileType = sourcecode.swift; path = MbtiButton.swift; sourceTree = "<group>"; };
		81C1EDB32C50786600C8C658 /* Validation.swift */ = {isa = PBXFileReference; lastKnownFileType = sourcecode.swift; path = Validation.swift; sourceTree = "<group>"; };
		81C1EDB52C5081F500C8C658 /* ProfileImageSettingViewController.swift */ = {isa = PBXFileReference; lastKnownFileType = sourcecode.swift; path = ProfileImageSettingViewController.swift; sourceTree = "<group>"; };
		81C1EDB72C50825F00C8C658 /* ProfileImageSettingViewModel.swift */ = {isa = PBXFileReference; lastKnownFileType = sourcecode.swift; path = ProfileImageSettingViewModel.swift; sourceTree = "<group>"; };
		81C1EDE02C50E2D100C8C658 /* UserDefaults.swift */ = {isa = PBXFileReference; lastKnownFileType = sourcecode.swift; path = UserDefaults.swift; sourceTree = "<group>"; };
		81C1EDE52C50E92400C8C658 /* TopicViewModel.swift */ = {isa = PBXFileReference; lastKnownFileType = sourcecode.swift; path = TopicViewModel.swift; sourceTree = "<group>"; };
		81C1EDE72C50E92F00C8C658 /* TopicViewController.swift */ = {isa = PBXFileReference; lastKnownFileType = sourcecode.swift; path = TopicViewController.swift; sourceTree = "<group>"; };
		81C1EDEA2C50E98000C8C658 /* TopicView.swift */ = {isa = PBXFileReference; lastKnownFileType = sourcecode.swift; path = TopicView.swift; sourceTree = "<group>"; };
		81C1EE002C52044800C8C658 /* ImageCardItem.swift */ = {isa = PBXFileReference; lastKnownFileType = sourcecode.swift; path = ImageCardItem.swift; sourceTree = "<group>"; };
		81C1EE092C524E3600C8C658 /* LikeCountView.swift */ = {isa = PBXFileReference; lastKnownFileType = sourcecode.swift; path = LikeCountView.swift; sourceTree = "<group>"; };
		81C1EE0B2C527FD500C8C658 /* ProfileUpdateOutput.swift */ = {isa = PBXFileReference; lastKnownFileType = sourcecode.swift; path = ProfileUpdateOutput.swift; sourceTree = "<group>"; };
		81C1EE0D2C52927700C8C658 /* TopicTableCell.swift */ = {isa = PBXFileReference; lastKnownFileType = sourcecode.swift; path = TopicTableCell.swift; sourceTree = "<group>"; };
		81C1EE0F2C52928700C8C658 /* BaseTableCell.swift */ = {isa = PBXFileReference; lastKnownFileType = sourcecode.swift; path = BaseTableCell.swift; sourceTree = "<group>"; };
		81C1EE152C52A79A00C8C658 /* SearchViewModel.swift */ = {isa = PBXFileReference; lastKnownFileType = sourcecode.swift; path = SearchViewModel.swift; sourceTree = "<group>"; };
		81C1EE172C52A7D100C8C658 /* SearchView.swift */ = {isa = PBXFileReference; lastKnownFileType = sourcecode.swift; path = SearchView.swift; sourceTree = "<group>"; };
		81C1EE192C52A7F100C8C658 /* SearchViewController.swift */ = {isa = PBXFileReference; lastKnownFileType = sourcecode.swift; path = SearchViewController.swift; sourceTree = "<group>"; };
		81C1EE1B2C52AEE300C8C658 /* SearchFilterMenu.swift */ = {isa = PBXFileReference; lastKnownFileType = sourcecode.swift; path = SearchFilterMenu.swift; sourceTree = "<group>"; };
		81C1EE212C52B2CC00C8C658 /* LikedPhoto.swift */ = {isa = PBXFileReference; lastKnownFileType = sourcecode.swift; path = LikedPhoto.swift; sourceTree = "<group>"; };
		81C1EE232C53275D00C8C658 /* FileManage.swift */ = {isa = PBXFileReference; lastKnownFileType = sourcecode.swift; path = FileManage.swift; sourceTree = "<group>"; };
		81C1EE2A2C5494A700C8C658 /* LikeListView.swift */ = {isa = PBXFileReference; lastKnownFileType = sourcecode.swift; path = LikeListView.swift; sourceTree = "<group>"; };
		81C1EE2E2C5494D600C8C658 /* LikeListViewController.swift */ = {isa = PBXFileReference; lastKnownFileType = sourcecode.swift; path = LikeListViewController.swift; sourceTree = "<group>"; };
		81C1EE302C54950500C8C658 /* LikeListViewModel.swift */ = {isa = PBXFileReference; lastKnownFileType = sourcecode.swift; path = LikeListViewModel.swift; sourceTree = "<group>"; };
		81C1EE362C54A84800C8C658 /* DetailView.swift */ = {isa = PBXFileReference; lastKnownFileType = sourcecode.swift; path = DetailView.swift; sourceTree = "<group>"; };
		81C1EE392C54A87300C8C658 /* DetailViewController.swift */ = {isa = PBXFileReference; lastKnownFileType = sourcecode.swift; path = DetailViewController.swift; sourceTree = "<group>"; };
		81C1EE3B2C54A87C00C8C658 /* DetailViewModel.swift */ = {isa = PBXFileReference; lastKnownFileType = sourcecode.swift; path = DetailViewModel.swift; sourceTree = "<group>"; };
		81C1EE3D2C54BFDC00C8C658 /* DetailOwnerView.swift */ = {isa = PBXFileReference; lastKnownFileType = sourcecode.swift; path = DetailOwnerView.swift; sourceTree = "<group>"; };
		81C1EE3F2C54CD1B00C8C658 /* DetailInfoItem.swift */ = {isa = PBXFileReference; lastKnownFileType = sourcecode.swift; path = DetailInfoItem.swift; sourceTree = "<group>"; };
		81C1EE4B2C554E4700C8C658 /* MainTabbarController.swift */ = {isa = PBXFileReference; lastKnownFileType = sourcecode.swift; path = MainTabbarController.swift; sourceTree = "<group>"; };
		81C1EE4D2C55D15000C8C658 /* Enum+Toast.swift */ = {isa = PBXFileReference; lastKnownFileType = sourcecode.swift; path = "Enum+Toast.swift"; sourceTree = "<group>"; };
		81C1EE592C56070100C8C658 /* RandomView.swift */ = {isa = PBXFileReference; lastKnownFileType = sourcecode.swift; path = RandomView.swift; sourceTree = "<group>"; };
		81C1EE5D2C56077C00C8C658 /* RandomViewModel.swift */ = {isa = PBXFileReference; lastKnownFileType = sourcecode.swift; path = RandomViewModel.swift; sourceTree = "<group>"; };
		81C1EE602C56094B00C8C658 /* RandomViewItem.swift */ = {isa = PBXFileReference; lastKnownFileType = sourcecode.swift; path = RandomViewItem.swift; sourceTree = "<group>"; };
		81C1EE622C5609B700C8C658 /* RandomViewController.swift */ = {isa = PBXFileReference; lastKnownFileType = sourcecode.swift; path = RandomViewController.swift; sourceTree = "<group>"; };
		81C1EE662C57146600C8C658 /* SearchColorFilterItem.swift */ = {isa = PBXFileReference; lastKnownFileType = sourcecode.swift; path = SearchColorFilterItem.swift; sourceTree = "<group>"; };
/* End PBXFileReference section */

/* Begin PBXFrameworksBuildPhase section */
		81A4AA612C4E20A2008E2F8C /* Frameworks */ = {
			isa = PBXFrameworksBuildPhase;
			buildActionMask = 2147483647;
			files = (
				818570072C5BBEEA00BACFAA /* DGCharts in Frameworks */,
				81C1EE1F2C52B11000C8C658 /* RealmSwift in Frameworks */,
				81C1EE042C5207D600C8C658 /* Kingfisher in Frameworks */,
				81A4AA852C4E2ED1008E2F8C /* SnapKit in Frameworks */,
			);
			runOnlyForDeploymentPostprocessing = 0;
		};
/* End PBXFrameworksBuildPhase section */

/* Begin PBXGroup section */
		8121AA5C2C5B10C400B2ABFC /* Dummys */ = {
			isa = PBXGroup;
			children = (
				8121AA5D2C5B10CE00B2ABFC /* DummyViewController.swift */,
				8121AA5F2C5B13A000B2ABFC /* DummyDetailView.swift */,
			);
			path = Dummys;
			sourceTree = "<group>";
		};
		81A4AA5B2C4E20A2008E2F8C = {
			isa = PBXGroup;
			children = (
				81A4AA802C4E2313008E2F8C /* README.md */,
				81A4AA7B2C4E20BB008E2F8C /* .gitignore */,
				81A4AA662C4E20A2008E2F8C /* photobox */,
				81A4AA652C4E20A2008E2F8C /* Products */,
			);
			sourceTree = "<group>";
		};
		81A4AA652C4E20A2008E2F8C /* Products */ = {
			isa = PBXGroup;
			children = (
				81A4AA642C4E20A2008E2F8C /* photobox.app */,
			);
			name = Products;
			sourceTree = "<group>";
		};
		81A4AA662C4E20A2008E2F8C /* photobox */ = {
			isa = PBXGroup;
			children = (
				8121AA5C2C5B10C400B2ABFC /* Dummys */,
				81C1ED9E2C4FEBD400C8C658 /* Utils */,
				81A4AAB02C4E8E6D008E2F8C /* Constants */,
				81A4AA8E2C4E3F3E008E2F8C /* Protocols */,
				81A4AA8B2C4E3F12008E2F8C /* Services */,
				81A4AA882C4E3671008E2F8C /* Models */,
				81A4AA912C4E6C00008E2F8C /* Views */,
				81A4AA952C4E8332008E2F8C /* Present */,
				81A4AA7D2C4E20E0008E2F8C /* App */,
				81A4AA702C4E20A3008E2F8C /* Assets.xcassets */,
				81A4AA752C4E20A3008E2F8C /* Info.plist */,
			);
			path = photobox;
			sourceTree = "<group>";
		};
		81A4AA7D2C4E20E0008E2F8C /* App */ = {
			isa = PBXGroup;
			children = (
				81A4AA672C4E20A2008E2F8C /* AppDelegate.swift */,
				81A4AA692C4E20A2008E2F8C /* SceneDelegate.swift */,
				81A4AA7E2C4E20EE008E2F8C /* ENV.swift */,
				81A4AA862C4E2F96008E2F8C /* LaunchScreen.storyboard */,
			);
			path = App;
			sourceTree = "<group>";
		};
		81A4AA882C4E3671008E2F8C /* Models */ = {
			isa = PBXGroup;
			children = (
				81A4AA892C4E368E008E2F8C /* Photo.swift */,
				81C1EDB12C4FFEC000C8C658 /* MbtiButton.swift */,
				81C1EE0B2C527FD500C8C658 /* ProfileUpdateOutput.swift */,
				81C1EE212C52B2CC00C8C658 /* LikedPhoto.swift */,
			);
			path = Models;
			sourceTree = "<group>";
		};
		81A4AA8B2C4E3F12008E2F8C /* Services */ = {
			isa = PBXGroup;
			children = (
				81A4AA8C2C4E3F2A008E2F8C /* Network.swift */,
				81A4AAC12C4F315E008E2F8C /* Route.swift */,
				81C1EDB32C50786600C8C658 /* Validation.swift */,
				81C1EDE02C50E2D100C8C658 /* UserDefaults.swift */,
				81C1EE232C53275D00C8C658 /* FileManage.swift */,
			);
			path = Services;
			sourceTree = "<group>";
		};
		81A4AA8E2C4E3F3E008E2F8C /* Protocols */ = {
			isa = PBXGroup;
			children = (
				81A4AA8F2C4E3F5A008E2F8C /* ServiceProtocol.swift */,
				81A4AAA02C4E8521008E2F8C /* ViewModelProtocol.swift */,
				81A4AAA22C4E853F008E2F8C /* MainViewProtocol.swift */,
			);
			path = Protocols;
			sourceTree = "<group>";
		};
		81A4AA912C4E6C00008E2F8C /* Views */ = {
			isa = PBXGroup;
			children = (
				81A4AA922C4E6C08008E2F8C /* Base+Reusable */,
				81A4AAA92C4E8B07008E2F8C /* Profile */,
				81C1EE112C52A76600C8C658 /* Search */,
				81C1EE292C54949900C8C658 /* LikeList */,
				81C1EDE92C50E96300C8C658 /* Topic */,
				81C1EE582C5606EF00C8C658 /* Random */,
				81C1EE332C54A81800C8C658 /* Detail */,
			);
			path = Views;
			sourceTree = "<group>";
		};
		81A4AA922C4E6C08008E2F8C /* Base+Reusable */ = {
			isa = PBXGroup;
			children = (
				81A4AA932C4E6C14008E2F8C /* CircleButton.swift */,
				81A4AAAC2C4E8BE2008E2F8C /* BaseView.swift */,
				81A4AAD02C4F6DDE008E2F8C /* BaseCollectionItem.swift */,
				81C1EE0F2C52928700C8C658 /* BaseTableCell.swift */,
				81A4AABE2C4EA205008E2F8C /* BoxWithTitle.swift */,
				81A4AAAE2C4E8D37008E2F8C /* ProfileImage.swift */,
				81A4AAB32C4E95D1008E2F8C /* ProfileImageChangeButton.swift */,
				81A4AAB52C4E9B15008E2F8C /* ProfileNicknameField.swift */,
				81A4AAB72C4E9DAE008E2F8C /* ProfileNicknameValidationLabel.swift */,
				81C1EE002C52044800C8C658 /* ImageCardItem.swift */,
				81C1EE1B2C52AEE300C8C658 /* SearchFilterMenu.swift */,
			);
			path = "Base+Reusable";
			sourceTree = "<group>";
		};
		81A4AA952C4E8332008E2F8C /* Present */ = {
			isa = PBXGroup;
			children = (
				81A4AA9D2C4E83AF008E2F8C /* Base */,
				81A4AA962C4E8349008E2F8C /* Profile */,
				81C1EE122C52A77100C8C658 /* Search */,
				81C1EE282C54948F00C8C658 /* LikeList */,
				81C1EDE22C50E8F500C8C658 /* Topic */,
				81C1EE5B2C56076A00C8C658 /* Random */,
				81C1EE322C54A81200C8C658 /* Detail */,
			);
			path = Present;
			sourceTree = "<group>";
		};
		81A4AA962C4E8349008E2F8C /* Profile */ = {
			isa = PBXGroup;
			children = (
				81C1ED9C2C4FEBA800C8C658 /* ViewController */,
				81C1ED9D2C4FEBB100C8C658 /* ViewModel */,
			);
			path = Profile;
			sourceTree = "<group>";
		};
		81A4AA9D2C4E83AF008E2F8C /* Base */ = {
			isa = PBXGroup;
			children = (
				81A4AA9E2C4E83B8008E2F8C /* BaseViewController.swift */,
				81C1EE4B2C554E4700C8C658 /* MainTabbarController.swift */,
			);
			path = Base;
			sourceTree = "<group>";
		};
		81A4AAA92C4E8B07008E2F8C /* Profile */ = {
			isa = PBXGroup;
			children = (
				81A4AAAA2C4E8BCF008E2F8C /* ProfileSettingView.swift */,
				81A4AACA2C4F6746008E2F8C /* ProfileImageSelectView.swift */,
				81A4AACC2C4F69B9008E2F8C /* ProfileImageItem.swift */,
				81C1EDAC2C4FF3A000C8C658 /* OnboardingView.swift */,
			);
			path = Profile;
			sourceTree = "<group>";
		};
		81A4AAB02C4E8E6D008E2F8C /* Constants */ = {
			isa = PBXGroup;
			children = (
				81A4AAB12C4E8E7D008E2F8C /* Extension+UIColor.swift */,
				81A4AABA2C4E9DD9008E2F8C /* Extension+UIFont.swift */,
				81C1ED9A2C4FE0C000C8C658 /* Extension+UIView.swift */,
				81A4AABC2C4E9E86008E2F8C /* Enum+Text.swift */,
				81A4AACE2C4F6A36008E2F8C /* Enum+UIImage.swift */,
				81C1EE4D2C55D15000C8C658 /* Enum+Toast.swift */,
				818570032C5BB26A00BACFAA /* Enum+TopicSectionKind.swift */,
			);
			path = Constants;
			sourceTree = "<group>";
		};
		81C1ED9C2C4FEBA800C8C658 /* ViewController */ = {
			isa = PBXGroup;
			children = (
				81C1EDA12C4FEDDC00C8C658 /* OnboardingViewController.swift */,
				81A4AA982C4E836E008E2F8C /* ProfileSettingViewController.swift */,
				81C1EDB52C5081F500C8C658 /* ProfileImageSettingViewController.swift */,
			);
			path = ViewController;
			sourceTree = "<group>";
		};
		81C1ED9D2C4FEBB100C8C658 /* ViewModel */ = {
			isa = PBXGroup;
			children = (
				81C1EDAE2C4FF78400C8C658 /* OnboardingViewModel.swift */,
				81A4AA9A2C4E8394008E2F8C /* ProfileSettingViewModel.swift */,
				81C1EDB72C50825F00C8C658 /* ProfileImageSettingViewModel.swift */,
			);
			path = ViewModel;
			sourceTree = "<group>";
		};
		81C1ED9E2C4FEBD400C8C658 /* Utils */ = {
			isa = PBXGroup;
			children = (
				81C1ED9F2C4FEBDF00C8C658 /* Observable.swift */,
			);
			path = Utils;
			sourceTree = "<group>";
		};
		81C1EDE22C50E8F500C8C658 /* Topic */ = {
			isa = PBXGroup;
			children = (
				81C1EDE32C50E8FD00C8C658 /* ViewController */,
				81C1EDE42C50E90500C8C658 /* ViewModel */,
			);
			path = Topic;
			sourceTree = "<group>";
		};
		81C1EDE32C50E8FD00C8C658 /* ViewController */ = {
			isa = PBXGroup;
			children = (
				81C1EDE72C50E92F00C8C658 /* TopicViewController.swift */,
			);
			path = ViewController;
			sourceTree = "<group>";
		};
		81C1EDE42C50E90500C8C658 /* ViewModel */ = {
			isa = PBXGroup;
			children = (
				81C1EDE52C50E92400C8C658 /* TopicViewModel.swift */,
			);
			path = ViewModel;
			sourceTree = "<group>";
		};
		81C1EDE92C50E96300C8C658 /* Topic */ = {
			isa = PBXGroup;
			children = (
				81C1EE092C524E3600C8C658 /* LikeCountView.swift */,
				81C1EDEA2C50E98000C8C658 /* TopicView.swift */,
				81C1EE0D2C52927700C8C658 /* TopicTableCell.swift */,
			);
			path = Topic;
			sourceTree = "<group>";
		};
		81C1EE112C52A76600C8C658 /* Search */ = {
			isa = PBXGroup;
			children = (
				81C1EE172C52A7D100C8C658 /* SearchView.swift */,
				81C1EE662C57146600C8C658 /* SearchColorFilterItem.swift */,
			);
			path = Search;
			sourceTree = "<group>";
		};
		81C1EE122C52A77100C8C658 /* Search */ = {
			isa = PBXGroup;
			children = (
				81C1EE132C52A78500C8C658 /* ViewController */,
				81C1EE142C52A78E00C8C658 /* ViewModel */,
			);
			path = Search;
			sourceTree = "<group>";
		};
		81C1EE132C52A78500C8C658 /* ViewController */ = {
			isa = PBXGroup;
			children = (
				81C1EE192C52A7F100C8C658 /* SearchViewController.swift */,
			);
			path = ViewController;
			sourceTree = "<group>";
		};
		81C1EE142C52A78E00C8C658 /* ViewModel */ = {
			isa = PBXGroup;
			children = (
				81C1EE152C52A79A00C8C658 /* SearchViewModel.swift */,
			);
			path = ViewModel;
			sourceTree = "<group>";
		};
		81C1EE282C54948F00C8C658 /* LikeList */ = {
			isa = PBXGroup;
			children = (
				81C1EE2D2C5494CE00C8C658 /* ViewController */,
				81C1EE2C2C5494C500C8C658 /* ViewModel */,
			);
			path = LikeList;
			sourceTree = "<group>";
		};
		81C1EE292C54949900C8C658 /* LikeList */ = {
			isa = PBXGroup;
			children = (
				81C1EE2A2C5494A700C8C658 /* LikeListView.swift */,
			);
			path = LikeList;
			sourceTree = "<group>";
		};
		81C1EE2C2C5494C500C8C658 /* ViewModel */ = {
			isa = PBXGroup;
			children = (
				81C1EE302C54950500C8C658 /* LikeListViewModel.swift */,
			);
			path = ViewModel;
			sourceTree = "<group>";
		};
		81C1EE2D2C5494CE00C8C658 /* ViewController */ = {
			isa = PBXGroup;
			children = (
				81C1EE2E2C5494D600C8C658 /* LikeListViewController.swift */,
			);
			path = ViewController;
			sourceTree = "<group>";
		};
		81C1EE322C54A81200C8C658 /* Detail */ = {
			isa = PBXGroup;
			children = (
				81C1EE352C54A83700C8C658 /* ViewController */,
				81C1EE342C54A82C00C8C658 /* ViewModel */,
			);
			path = Detail;
			sourceTree = "<group>";
		};
		81C1EE332C54A81800C8C658 /* Detail */ = {
			isa = PBXGroup;
			children = (
				81C1EE362C54A84800C8C658 /* DetailView.swift */,
				81C1EE3D2C54BFDC00C8C658 /* DetailOwnerView.swift */,
				81C1EE3F2C54CD1B00C8C658 /* DetailInfoItem.swift */,
			);
			path = Detail;
			sourceTree = "<group>";
		};
		81C1EE342C54A82C00C8C658 /* ViewModel */ = {
			isa = PBXGroup;
			children = (
				81C1EE3B2C54A87C00C8C658 /* DetailViewModel.swift */,
			);
			path = ViewModel;
			sourceTree = "<group>";
		};
		81C1EE352C54A83700C8C658 /* ViewController */ = {
			isa = PBXGroup;
			children = (
				81C1EE392C54A87300C8C658 /* DetailViewController.swift */,
			);
			path = ViewController;
			sourceTree = "<group>";
		};
		81C1EE582C5606EF00C8C658 /* Random */ = {
			isa = PBXGroup;
			children = (
				81C1EE592C56070100C8C658 /* RandomView.swift */,
				81C1EE602C56094B00C8C658 /* RandomViewItem.swift */,
			);
			path = Random;
			sourceTree = "<group>";
		};
		81C1EE5B2C56076A00C8C658 /* Random */ = {
			isa = PBXGroup;
			children = (
				81C1EE5F2C56078400C8C658 /* ViewController */,
				81C1EE5C2C56077200C8C658 /* ViewModel */,
			);
			path = Random;
			sourceTree = "<group>";
		};
		81C1EE5C2C56077200C8C658 /* ViewModel */ = {
			isa = PBXGroup;
			children = (
				81C1EE5D2C56077C00C8C658 /* RandomViewModel.swift */,
			);
			path = ViewModel;
			sourceTree = "<group>";
		};
		81C1EE5F2C56078400C8C658 /* ViewController */ = {
			isa = PBXGroup;
			children = (
				81C1EE622C5609B700C8C658 /* RandomViewController.swift */,
			);
			path = ViewController;
			sourceTree = "<group>";
		};
/* End PBXGroup section */

/* Begin PBXNativeTarget section */
		81A4AA632C4E20A2008E2F8C /* photobox */ = {
			isa = PBXNativeTarget;
			buildConfigurationList = 81A4AA782C4E20A3008E2F8C /* Build configuration list for PBXNativeTarget "photobox" */;
			buildPhases = (
				81A4AA602C4E20A2008E2F8C /* Sources */,
				81A4AA612C4E20A2008E2F8C /* Frameworks */,
				81A4AA622C4E20A2008E2F8C /* Resources */,
				81C1EE652C56700A00C8C658 /* Embed Frameworks */,
			);
			buildRules = (
			);
			dependencies = (
			);
			name = photobox;
			packageProductDependencies = (
				81A4AA842C4E2ED1008E2F8C /* SnapKit */,
				81C1EE032C5207D600C8C658 /* Kingfisher */,
				81C1EE1E2C52B11000C8C658 /* RealmSwift */,
				818570062C5BBEEA00BACFAA /* DGCharts */,
			);
			productName = photobox;
			productReference = 81A4AA642C4E20A2008E2F8C /* photobox.app */;
			productType = "com.apple.product-type.application";
		};
/* End PBXNativeTarget section */

/* Begin PBXProject section */
		81A4AA5C2C4E20A2008E2F8C /* Project object */ = {
			isa = PBXProject;
			attributes = {
				BuildIndependentTargetsInParallel = 1;
				LastSwiftUpdateCheck = 1540;
				LastUpgradeCheck = 1540;
				TargetAttributes = {
					81A4AA632C4E20A2008E2F8C = {
						CreatedOnToolsVersion = 15.4;
					};
				};
			};
			buildConfigurationList = 81A4AA5F2C4E20A2008E2F8C /* Build configuration list for PBXProject "photobox" */;
			compatibilityVersion = "Xcode 14.0";
			developmentRegion = en;
			hasScannedForEncodings = 0;
			knownRegions = (
				en,
				Base,
			);
			mainGroup = 81A4AA5B2C4E20A2008E2F8C;
			packageReferences = (
				81A4AA832C4E2ED1008E2F8C /* XCRemoteSwiftPackageReference "SnapKit" */,
				81C1EE022C5207D600C8C658 /* XCRemoteSwiftPackageReference "Kingfisher" */,
				81C1EE1D2C52B10F00C8C658 /* XCRemoteSwiftPackageReference "realm-swift" */,
				818570052C5BBEEA00BACFAA /* XCRemoteSwiftPackageReference "Charts" */,
			);
			productRefGroup = 81A4AA652C4E20A2008E2F8C /* Products */;
			projectDirPath = "";
			projectRoot = "";
			targets = (
				81A4AA632C4E20A2008E2F8C /* photobox */,
			);
		};
/* End PBXProject section */

/* Begin PBXResourcesBuildPhase section */
		81A4AA622C4E20A2008E2F8C /* Resources */ = {
			isa = PBXResourcesBuildPhase;
			buildActionMask = 2147483647;
			files = (
				81A4AA7C2C4E20BB008E2F8C /* .gitignore in Resources */,
				81A4AA712C4E20A3008E2F8C /* Assets.xcassets in Resources */,
				81A4AA872C4E2F96008E2F8C /* LaunchScreen.storyboard in Resources */,
			);
			runOnlyForDeploymentPostprocessing = 0;
		};
/* End PBXResourcesBuildPhase section */

/* Begin PBXSourcesBuildPhase section */
		81A4AA602C4E20A2008E2F8C /* Sources */ = {
			isa = PBXSourcesBuildPhase;
			buildActionMask = 2147483647;
			files = (
				81C1EE5E2C56077C00C8C658 /* RandomViewModel.swift in Sources */,
				81A4AA8A2C4E368E008E2F8C /* Photo.swift in Sources */,
				81C1EE102C52928700C8C658 /* BaseTableCell.swift in Sources */,
				8121AA5E2C5B10CE00B2ABFC /* DummyViewController.swift in Sources */,
				81C1EDEB2C50E98000C8C658 /* TopicView.swift in Sources */,
				81C1EE242C53275D00C8C658 /* FileManage.swift in Sources */,
				818570042C5BB26A00BACFAA /* Enum+TopicSectionKind.swift in Sources */,
				81C1EDB62C5081F500C8C658 /* ProfileImageSettingViewController.swift in Sources */,
				81A4AABB2C4E9DD9008E2F8C /* Extension+UIFont.swift in Sources */,
				81C1EE3A2C54A87300C8C658 /* DetailViewController.swift in Sources */,
				81A4AA9F2C4E83B8008E2F8C /* BaseViewController.swift in Sources */,
				81A4AAAD2C4E8BE2008E2F8C /* BaseView.swift in Sources */,
				81C1EDA22C4FEDDC00C8C658 /* OnboardingViewController.swift in Sources */,
				81C1EE012C52044800C8C658 /* ImageCardItem.swift in Sources */,
				81C1EE632C5609B700C8C658 /* RandomViewController.swift in Sources */,
				8121AA602C5B13A000B2ABFC /* DummyDetailView.swift in Sources */,
				81C1EE182C52A7D100C8C658 /* SearchView.swift in Sources */,
				81C1EE0E2C52927700C8C658 /* TopicTableCell.swift in Sources */,
				81C1EE0C2C527FD500C8C658 /* ProfileUpdateOutput.swift in Sources */,
				81A4AA8D2C4E3F2A008E2F8C /* Network.swift in Sources */,
				81A4AA9B2C4E8394008E2F8C /* ProfileSettingViewModel.swift in Sources */,
				81C1EDE82C50E92F00C8C658 /* TopicViewController.swift in Sources */,
				81A4AA942C4E6C14008E2F8C /* CircleButton.swift in Sources */,
				81C1EDB82C50825F00C8C658 /* ProfileImageSettingViewModel.swift in Sources */,
				81A4AACD2C4F69B9008E2F8C /* ProfileImageItem.swift in Sources */,
				81C1EDAD2C4FF3A000C8C658 /* OnboardingView.swift in Sources */,
				81A4AAB82C4E9DAE008E2F8C /* ProfileNicknameValidationLabel.swift in Sources */,
				81A4AACF2C4F6A36008E2F8C /* Enum+UIImage.swift in Sources */,
				81C1EE4E2C55D15000C8C658 /* Enum+Toast.swift in Sources */,
				81A4AA7F2C4E20EE008E2F8C /* ENV.swift in Sources */,
				81C1EE612C56094B00C8C658 /* RandomViewItem.swift in Sources */,
				81C1EE162C52A79A00C8C658 /* SearchViewModel.swift in Sources */,
				81C1EE2F2C5494D600C8C658 /* LikeListViewController.swift in Sources */,
				81A4AAB62C4E9B15008E2F8C /* ProfileNicknameField.swift in Sources */,
				81A4AA682C4E20A2008E2F8C /* AppDelegate.swift in Sources */,
				81C1EE2B2C5494A700C8C658 /* LikeListView.swift in Sources */,
				81C1EDE62C50E92400C8C658 /* TopicViewModel.swift in Sources */,
				81A4AAAB2C4E8BCF008E2F8C /* ProfileSettingView.swift in Sources */,
				81C1EE4C2C554E4700C8C658 /* MainTabbarController.swift in Sources */,
				81C1EE5A2C56070100C8C658 /* RandomView.swift in Sources */,
				81A4AAA12C4E8521008E2F8C /* ViewModelProtocol.swift in Sources */,
				81C1EDAF2C4FF78400C8C658 /* OnboardingViewModel.swift in Sources */,
				81C1EDA02C4FEBDF00C8C658 /* Observable.swift in Sources */,
				81A4AAA32C4E853F008E2F8C /* MainViewProtocol.swift in Sources */,
				81A4AACB2C4F6746008E2F8C /* ProfileImageSelectView.swift in Sources */,
				81A4AA902C4E3F5A008E2F8C /* ServiceProtocol.swift in Sources */,
				81C1EDB42C50786600C8C658 /* Validation.swift in Sources */,
				81A4AAB22C4E8E7D008E2F8C /* Extension+UIColor.swift in Sources */,
				81C1EE0A2C524E3600C8C658 /* LikeCountView.swift in Sources */,
				81A4AAAF2C4E8D37008E2F8C /* ProfileImage.swift in Sources */,
				81C1EE312C54950500C8C658 /* LikeListViewModel.swift in Sources */,
				81C1EE3E2C54BFDC00C8C658 /* DetailOwnerView.swift in Sources */,
				81A4AAC22C4F315E008E2F8C /* Route.swift in Sources */,
				81C1EE3C2C54A87C00C8C658 /* DetailViewModel.swift in Sources */,
				81C1EE402C54CD1B00C8C658 /* DetailInfoItem.swift in Sources */,
				81A4AABF2C4EA205008E2F8C /* BoxWithTitle.swift in Sources */,
				81C1EE672C57146600C8C658 /* SearchColorFilterItem.swift in Sources */,
				81A4AA6A2C4E20A2008E2F8C /* SceneDelegate.swift in Sources */,
				81C1EDE12C50E2D100C8C658 /* UserDefaults.swift in Sources */,
				81C1EE1C2C52AEE300C8C658 /* SearchFilterMenu.swift in Sources */,
				81C1EDB22C4FFEC000C8C658 /* MbtiButton.swift in Sources */,
				81C1EE222C52B2CC00C8C658 /* LikedPhoto.swift in Sources */,
				81C1EE1A2C52A7F100C8C658 /* SearchViewController.swift in Sources */,
				81A4AA992C4E836E008E2F8C /* ProfileSettingViewController.swift in Sources */,
				81C1ED9B2C4FE0C000C8C658 /* Extension+UIView.swift in Sources */,
				81A4AAD12C4F6DDE008E2F8C /* BaseCollectionItem.swift in Sources */,
				81A4AAB42C4E95D1008E2F8C /* ProfileImageChangeButton.swift in Sources */,
				81C1EE372C54A84800C8C658 /* DetailView.swift in Sources */,
				81A4AABD2C4E9E86008E2F8C /* Enum+Text.swift in Sources */,
			);
			runOnlyForDeploymentPostprocessing = 0;
		};
/* End PBXSourcesBuildPhase section */

/* Begin XCBuildConfiguration section */
		81A4AA762C4E20A3008E2F8C /* Debug */ = {
			isa = XCBuildConfiguration;
			buildSettings = {
				ALWAYS_SEARCH_USER_PATHS = NO;
				ASSETCATALOG_COMPILER_GENERATE_SWIFT_ASSET_SYMBOL_EXTENSIONS = YES;
				CLANG_ANALYZER_NONNULL = YES;
				CLANG_ANALYZER_NUMBER_OBJECT_CONVERSION = YES_AGGRESSIVE;
				CLANG_CXX_LANGUAGE_STANDARD = "gnu++20";
				CLANG_ENABLE_MODULES = YES;
				CLANG_ENABLE_OBJC_ARC = YES;
				CLANG_ENABLE_OBJC_WEAK = YES;
				CLANG_WARN_BLOCK_CAPTURE_AUTORELEASING = YES;
				CLANG_WARN_BOOL_CONVERSION = YES;
				CLANG_WARN_COMMA = YES;
				CLANG_WARN_CONSTANT_CONVERSION = YES;
				CLANG_WARN_DEPRECATED_OBJC_IMPLEMENTATIONS = YES;
				CLANG_WARN_DIRECT_OBJC_ISA_USAGE = YES_ERROR;
				CLANG_WARN_DOCUMENTATION_COMMENTS = YES;
				CLANG_WARN_EMPTY_BODY = YES;
				CLANG_WARN_ENUM_CONVERSION = YES;
				CLANG_WARN_INFINITE_RECURSION = YES;
				CLANG_WARN_INT_CONVERSION = YES;
				CLANG_WARN_NON_LITERAL_NULL_CONVERSION = YES;
				CLANG_WARN_OBJC_IMPLICIT_RETAIN_SELF = YES;
				CLANG_WARN_OBJC_LITERAL_CONVERSION = YES;
				CLANG_WARN_OBJC_ROOT_CLASS = YES_ERROR;
				CLANG_WARN_QUOTED_INCLUDE_IN_FRAMEWORK_HEADER = YES;
				CLANG_WARN_RANGE_LOOP_ANALYSIS = YES;
				CLANG_WARN_STRICT_PROTOTYPES = YES;
				CLANG_WARN_SUSPICIOUS_MOVE = YES;
				CLANG_WARN_UNGUARDED_AVAILABILITY = YES_AGGRESSIVE;
				CLANG_WARN_UNREACHABLE_CODE = YES;
				CLANG_WARN__DUPLICATE_METHOD_MATCH = YES;
				COPY_PHASE_STRIP = NO;
				DEBUG_INFORMATION_FORMAT = dwarf;
				ENABLE_STRICT_OBJC_MSGSEND = YES;
				ENABLE_TESTABILITY = YES;
				ENABLE_USER_SCRIPT_SANDBOXING = YES;
				GCC_C_LANGUAGE_STANDARD = gnu17;
				GCC_DYNAMIC_NO_PIC = NO;
				GCC_NO_COMMON_BLOCKS = YES;
				GCC_OPTIMIZATION_LEVEL = 0;
				GCC_PREPROCESSOR_DEFINITIONS = (
					"DEBUG=1",
					"$(inherited)",
				);
				GCC_WARN_64_TO_32_BIT_CONVERSION = YES;
				GCC_WARN_ABOUT_RETURN_TYPE = YES_ERROR;
				GCC_WARN_UNDECLARED_SELECTOR = YES;
				GCC_WARN_UNINITIALIZED_AUTOS = YES_AGGRESSIVE;
				GCC_WARN_UNUSED_FUNCTION = YES;
				GCC_WARN_UNUSED_VARIABLE = YES;
				INFOPLIST_KEY_UILaunchScreen_Generation = YES;
				INFOPLIST_KEY_UILaunchStoryboardName = "";
				IPHONEOS_DEPLOYMENT_TARGET = 15.0;
				LOCALIZATION_PREFERS_STRING_CATALOGS = YES;
				MTL_ENABLE_DEBUG_INFO = INCLUDE_SOURCE;
				MTL_FAST_MATH = YES;
				ONLY_ACTIVE_ARCH = YES;
				SDKROOT = iphoneos;
				SWIFT_ACTIVE_COMPILATION_CONDITIONS = "DEBUG $(inherited)";
				SWIFT_OPTIMIZATION_LEVEL = "-Onone";
			};
			name = Debug;
		};
		81A4AA772C4E20A3008E2F8C /* Release */ = {
			isa = XCBuildConfiguration;
			buildSettings = {
				ALWAYS_SEARCH_USER_PATHS = NO;
				ASSETCATALOG_COMPILER_GENERATE_SWIFT_ASSET_SYMBOL_EXTENSIONS = YES;
				CLANG_ANALYZER_NONNULL = YES;
				CLANG_ANALYZER_NUMBER_OBJECT_CONVERSION = YES_AGGRESSIVE;
				CLANG_CXX_LANGUAGE_STANDARD = "gnu++20";
				CLANG_ENABLE_MODULES = YES;
				CLANG_ENABLE_OBJC_ARC = YES;
				CLANG_ENABLE_OBJC_WEAK = YES;
				CLANG_WARN_BLOCK_CAPTURE_AUTORELEASING = YES;
				CLANG_WARN_BOOL_CONVERSION = YES;
				CLANG_WARN_COMMA = YES;
				CLANG_WARN_CONSTANT_CONVERSION = YES;
				CLANG_WARN_DEPRECATED_OBJC_IMPLEMENTATIONS = YES;
				CLANG_WARN_DIRECT_OBJC_ISA_USAGE = YES_ERROR;
				CLANG_WARN_DOCUMENTATION_COMMENTS = YES;
				CLANG_WARN_EMPTY_BODY = YES;
				CLANG_WARN_ENUM_CONVERSION = YES;
				CLANG_WARN_INFINITE_RECURSION = YES;
				CLANG_WARN_INT_CONVERSION = YES;
				CLANG_WARN_NON_LITERAL_NULL_CONVERSION = YES;
				CLANG_WARN_OBJC_IMPLICIT_RETAIN_SELF = YES;
				CLANG_WARN_OBJC_LITERAL_CONVERSION = YES;
				CLANG_WARN_OBJC_ROOT_CLASS = YES_ERROR;
				CLANG_WARN_QUOTED_INCLUDE_IN_FRAMEWORK_HEADER = YES;
				CLANG_WARN_RANGE_LOOP_ANALYSIS = YES;
				CLANG_WARN_STRICT_PROTOTYPES = YES;
				CLANG_WARN_SUSPICIOUS_MOVE = YES;
				CLANG_WARN_UNGUARDED_AVAILABILITY = YES_AGGRESSIVE;
				CLANG_WARN_UNREACHABLE_CODE = YES;
				CLANG_WARN__DUPLICATE_METHOD_MATCH = YES;
				COPY_PHASE_STRIP = NO;
				DEBUG_INFORMATION_FORMAT = "dwarf-with-dsym";
				ENABLE_NS_ASSERTIONS = NO;
				ENABLE_STRICT_OBJC_MSGSEND = YES;
				ENABLE_USER_SCRIPT_SANDBOXING = YES;
				GCC_C_LANGUAGE_STANDARD = gnu17;
				GCC_NO_COMMON_BLOCKS = YES;
				GCC_WARN_64_TO_32_BIT_CONVERSION = YES;
				GCC_WARN_ABOUT_RETURN_TYPE = YES_ERROR;
				GCC_WARN_UNDECLARED_SELECTOR = YES;
				GCC_WARN_UNINITIALIZED_AUTOS = YES_AGGRESSIVE;
				GCC_WARN_UNUSED_FUNCTION = YES;
				GCC_WARN_UNUSED_VARIABLE = YES;
				INFOPLIST_KEY_UILaunchScreen_Generation = YES;
				INFOPLIST_KEY_UILaunchStoryboardName = "";
				IPHONEOS_DEPLOYMENT_TARGET = 15.0;
				LOCALIZATION_PREFERS_STRING_CATALOGS = YES;
				MTL_ENABLE_DEBUG_INFO = NO;
				MTL_FAST_MATH = YES;
				SDKROOT = iphoneos;
				SWIFT_COMPILATION_MODE = wholemodule;
				VALIDATE_PRODUCT = YES;
			};
			name = Release;
		};
		81A4AA792C4E20A3008E2F8C /* Debug */ = {
			isa = XCBuildConfiguration;
			buildSettings = {
				ASSETCATALOG_COMPILER_APPICON_NAME = AppIcon;
				ASSETCATALOG_COMPILER_GLOBAL_ACCENT_COLOR_NAME = AccentColor;
				CODE_SIGN_STYLE = Automatic;
				CURRENT_PROJECT_VERSION = 1;
				DEVELOPMENT_TEAM = YM49LMS87D;
				GENERATE_INFOPLIST_FILE = YES;
				INFOPLIST_FILE = photobox/Info.plist;
				INFOPLIST_KEY_CFBundleDisplayName = "강한결";
				INFOPLIST_KEY_UIApplicationSupportsIndirectInputEvents = YES;
				INFOPLIST_KEY_UILaunchStoryboardName = LaunchScreen;
				INFOPLIST_KEY_UISupportedInterfaceOrientations = UIInterfaceOrientationPortrait;
				INFOPLIST_KEY_UISupportedInterfaceOrientations_iPad = UIInterfaceOrientationPortrait;
				IPHONEOS_DEPLOYMENT_TARGET = 15.0;
				LD_RUNPATH_SEARCH_PATHS = (
					"$(inherited)",
					"@executable_path/Frameworks",
				);
				MARKETING_VERSION = 0.0.1;
				PRODUCT_BUNDLE_IDENTIFIER = teamhk.photobox;
				PRODUCT_NAME = "$(TARGET_NAME)";
				SUPPORTED_PLATFORMS = "iphoneos iphonesimulator";
				SUPPORTS_MACCATALYST = NO;
				SUPPORTS_MAC_DESIGNED_FOR_IPHONE_IPAD = NO;
				SUPPORTS_XR_DESIGNED_FOR_IPHONE_IPAD = NO;
				SWIFT_EMIT_LOC_STRINGS = YES;
				SWIFT_VERSION = 5.0;
				TARGETED_DEVICE_FAMILY = 1;
			};
			name = Debug;
		};
		81A4AA7A2C4E20A3008E2F8C /* Release */ = {
			isa = XCBuildConfiguration;
			buildSettings = {
				ASSETCATALOG_COMPILER_APPICON_NAME = AppIcon;
				ASSETCATALOG_COMPILER_GLOBAL_ACCENT_COLOR_NAME = AccentColor;
				CODE_SIGN_STYLE = Automatic;
				CURRENT_PROJECT_VERSION = 1;
				DEVELOPMENT_TEAM = YM49LMS87D;
				GENERATE_INFOPLIST_FILE = YES;
				INFOPLIST_FILE = photobox/Info.plist;
				INFOPLIST_KEY_CFBundleDisplayName = "강한결";
				INFOPLIST_KEY_UIApplicationSupportsIndirectInputEvents = YES;
				INFOPLIST_KEY_UILaunchStoryboardName = LaunchScreen;
				INFOPLIST_KEY_UISupportedInterfaceOrientations = UIInterfaceOrientationPortrait;
				INFOPLIST_KEY_UISupportedInterfaceOrientations_iPad = UIInterfaceOrientationPortrait;
				IPHONEOS_DEPLOYMENT_TARGET = 15.0;
				LD_RUNPATH_SEARCH_PATHS = (
					"$(inherited)",
					"@executable_path/Frameworks",
				);
				MARKETING_VERSION = 0.0.1;
				PRODUCT_BUNDLE_IDENTIFIER = teamhk.photobox;
				PRODUCT_NAME = "$(TARGET_NAME)";
				SUPPORTED_PLATFORMS = "iphoneos iphonesimulator";
				SUPPORTS_MACCATALYST = NO;
				SUPPORTS_MAC_DESIGNED_FOR_IPHONE_IPAD = NO;
				SUPPORTS_XR_DESIGNED_FOR_IPHONE_IPAD = NO;
				SWIFT_EMIT_LOC_STRINGS = YES;
				SWIFT_VERSION = 5.0;
				TARGETED_DEVICE_FAMILY = 1;
			};
			name = Release;
		};
/* End XCBuildConfiguration section */

/* Begin XCConfigurationList section */
		81A4AA5F2C4E20A2008E2F8C /* Build configuration list for PBXProject "photobox" */ = {
			isa = XCConfigurationList;
			buildConfigurations = (
				81A4AA762C4E20A3008E2F8C /* Debug */,
				81A4AA772C4E20A3008E2F8C /* Release */,
			);
			defaultConfigurationIsVisible = 0;
			defaultConfigurationName = Release;
		};
		81A4AA782C4E20A3008E2F8C /* Build configuration list for PBXNativeTarget "photobox" */ = {
			isa = XCConfigurationList;
			buildConfigurations = (
				81A4AA792C4E20A3008E2F8C /* Debug */,
				81A4AA7A2C4E20A3008E2F8C /* Release */,
			);
			defaultConfigurationIsVisible = 0;
			defaultConfigurationName = Release;
		};
/* End XCConfigurationList section */

/* Begin XCRemoteSwiftPackageReference section */
		818570052C5BBEEA00BACFAA /* XCRemoteSwiftPackageReference "Charts" */ = {
			isa = XCRemoteSwiftPackageReference;
			repositoryURL = "https://github.com/ChartsOrg/Charts.git";
			requirement = {
				kind = upToNextMajorVersion;
				minimumVersion = 5.1.0;
			};
		};
		81A4AA832C4E2ED1008E2F8C /* XCRemoteSwiftPackageReference "SnapKit" */ = {
			isa = XCRemoteSwiftPackageReference;
			repositoryURL = "https://github.com/SnapKit/SnapKit.git";
			requirement = {
				kind = upToNextMajorVersion;
				minimumVersion = 5.7.1;
			};
		};
		81C1EE022C5207D600C8C658 /* XCRemoteSwiftPackageReference "Kingfisher" */ = {
			isa = XCRemoteSwiftPackageReference;
			repositoryURL = "https://github.com/onevcat/Kingfisher.git";
			requirement = {
				kind = upToNextMajorVersion;
				minimumVersion = 7.12.0;
			};
		};
		81C1EE1D2C52B10F00C8C658 /* XCRemoteSwiftPackageReference "realm-swift" */ = {
			isa = XCRemoteSwiftPackageReference;
			repositoryURL = "https://github.com/realm/realm-swift.git";
			requirement = {
				kind = exactVersion;
				version = 10.52.2;
			};
		};
/* End XCRemoteSwiftPackageReference section */

/* Begin XCSwiftPackageProductDependency section */
		818570062C5BBEEA00BACFAA /* DGCharts */ = {
			isa = XCSwiftPackageProductDependency;
			package = 818570052C5BBEEA00BACFAA /* XCRemoteSwiftPackageReference "Charts" */;
			productName = DGCharts;
		};
		81A4AA842C4E2ED1008E2F8C /* SnapKit */ = {
			isa = XCSwiftPackageProductDependency;
			package = 81A4AA832C4E2ED1008E2F8C /* XCRemoteSwiftPackageReference "SnapKit" */;
			productName = SnapKit;
		};
		81C1EE032C5207D600C8C658 /* Kingfisher */ = {
			isa = XCSwiftPackageProductDependency;
			package = 81C1EE022C5207D600C8C658 /* XCRemoteSwiftPackageReference "Kingfisher" */;
			productName = Kingfisher;
		};
		81C1EE1E2C52B11000C8C658 /* RealmSwift */ = {
			isa = XCSwiftPackageProductDependency;
			package = 81C1EE1D2C52B10F00C8C658 /* XCRemoteSwiftPackageReference "realm-swift" */;
			productName = RealmSwift;
		};
/* End XCSwiftPackageProductDependency section */
	};
	rootObject = 81A4AA5C2C4E20A2008E2F8C /* Project object */;
}
